
Microsoft Visual Studio Solution File, Format Version 12.00
# Visual Studio 14
VisualStudioVersion = 14.0.24720.0
MinimumVisualStudioVersion = 10.0.40219.1
Project("{FAE04EC0-301F-11D3-BF4B-00C04F79EFBC}") = "BotWEditor", "BotWEditor\BotWEditor.csproj", "{B6DF8A55-2E94-44C5-A16C-1102777182B6}"
EndProject
Project("{FAE04EC0-301F-11D3-BF4B-00C04F79EFBC}") = "BotWLib", "BotWLib\BotWLib.csproj", "{86B73888-3194-47A5-B733-CFA002965956}"
EndProject
Project("{FAE04EC0-301F-11D3-BF4B-00C04F79EFBC}") = "BotWWorldViewer", "BotWWorldViewer\BotWWorldViewer.csproj", "{498E2A9D-973F-4AE1-A77C-B0316A8DC1DD}"
EndProject
Global
	GlobalSection(SolutionConfigurationPlatforms) = preSolution
		Debug|Any CPU = Debug|Any CPU
		Release|Any CPU = Release|Any CPU
	EndGlobalSection
	GlobalSection(ProjectConfigurationPlatforms) = postSolution
		{B6DF8A55-2E94-44C5-A16C-1102777182B6}.Debug|Any CPU.ActiveCfg = Debug|Any CPU
		{B6DF8A55-2E94-44C5-A16C-1102777182B6}.Debug|Any CPU.Build.0 = Debug|Any CPU
		{B6DF8A55-2E94-44C5-A16C-1102777182B6}.Release|Any CPU.ActiveCfg = Release|Any CPU
		{B6DF8A55-2E94-44C5-A16C-1102777182B6}.Release|Any CPU.Build.0 = Release|Any CPU
		{86B73888-3194-47A5-B733-CFA002965956}.Debug|Any CPU.ActiveCfg = Debug|Any CPU
		{86B73888-3194-47A5-B733-CFA002965956}.Debug|Any CPU.Build.0 = Debug|Any CPU
		{86B73888-3194-47A5-B733-CFA002965956}.Release|Any CPU.ActiveCfg = Release|Any CPU
		{86B73888-3194-47A5-B733-CFA002965956}.Release|Any CPU.Build.0 = Release|Any CPU
		{498E2A9D-973F-4AE1-A77C-B0316A8DC1DD}.Debug|Any CPU.ActiveCfg = Debug|Any CPU
		{498E2A9D-973F-4AE1-A77C-B0316A8DC1DD}.Debug|Any CPU.Build.0 = Debug|Any CPU
		{498E2A9D-973F-4AE1-A77C-B0316A8DC1DD}.Release|Any CPU.ActiveCfg = Release|Any CPU
		{498E2A9D-973F-4AE1-A77C-B0316A8DC1DD}.Release|Any CPU.Build.0 = Release|Any CPU
	EndGlobalSection
	GlobalSection(SolutionProperties) = preSolution
		HideSolutionNode = FALSE
	EndGlobalSection
EndGlobal
