
Microsoft Visual Studio Solution File, Format Version 12.00
# Visual Studio 14
VisualStudioVersion = 14.0.24720.0
MinimumVisualStudioVersion = 10.0.40219.1
Project("{FAE04EC0-301F-11D3-BF4B-00C04F79EFBC}") = "BotWEditor", "BotWEditor\BotWEditor.csproj", "{B6DF8A55-2E94-44C5-A16C-1102777182B6}"
EndProject
Project("{FAE04EC0-301F-11D3-BF4B-00C04F79EFBC}") = "BotWFormatReader", "BotWFormatReader\BotWFormatReader.csproj", "{61536358-B811-4F2F-B62D-6C67846EAF47}"
EndProject
Global
	GlobalSection(SolutionConfigurationPlatforms) = preSolution
		Debug|Any CPU = Debug|Any CPU
		Release|Any CPU = Release|Any CPU
	EndGlobalSection
	GlobalSection(ProjectConfigurationPlatforms) = postSolution
		{B6DF8A55-2E94-44C5-A16C-1102777182B6}.Debug|Any CPU.ActiveCfg = Debug|Any CPU
		{B6DF8A55-2E94-44C5-A16C-1102777182B6}.Debug|Any CPU.Build.0 = Debug|Any CPU
		{B6DF8A55-2E94-44C5-A16C-1102777182B6}.Release|Any CPU.ActiveCfg = Release|Any CPU
		{B6DF8A55-2E94-44C5-A16C-1102777182B6}.Release|Any CPU.Build.0 = Release|Any CPU
		{61536358-B811-4F2F-B62D-6C67846EAF47}.Debug|Any CPU.ActiveCfg = Debug|Any CPU
		{61536358-B811-4F2F-B62D-6C67846EAF47}.Debug|Any CPU.Build.0 = Debug|Any CPU
		{61536358-B811-4F2F-B62D-6C67846EAF47}.Release|Any CPU.ActiveCfg = Release|Any CPU
		{61536358-B811-4F2F-B62D-6C67846EAF47}.Release|Any CPU.Build.0 = Release|Any CPU
	EndGlobalSection
	GlobalSection(SolutionProperties) = preSolution
		HideSolutionNode = FALSE
	EndGlobalSection
EndGlobal
